// !$*UTF8*$!
{
	archiveVersion = 1;
	classes = {
	};
	objectVersion = 46;
	objects = {

/* Begin PBXBuildFile section */
		6A2AB5701C14183B002F290C /* AppDelegate.swift in Sources */ = {isa = PBXBuildFile; fileRef = 6A2AB56F1C14183B002F290C /* AppDelegate.swift */; };
		6A2AB5721C14183B002F290C /* ViewController.swift in Sources */ = {isa = PBXBuildFile; fileRef = 6A2AB5711C14183B002F290C /* ViewController.swift */; };
		6A2AB5751C14183B002F290C /* Main.storyboard in Resources */ = {isa = PBXBuildFile; fileRef = 6A2AB5731C14183B002F290C /* Main.storyboard */; };
		6A2AB5771C14183B002F290C /* Assets.xcassets in Resources */ = {isa = PBXBuildFile; fileRef = 6A2AB5761C14183B002F290C /* Assets.xcassets */; };
		6A2AB57A1C14183B002F290C /* LaunchScreen.storyboard in Resources */ = {isa = PBXBuildFile; fileRef = 6A2AB5781C14183B002F290C /* LaunchScreen.storyboard */; };
		6A2AB5821C141BCC002F290C /* NormalViewController.swift in Sources */ = {isa = PBXBuildFile; fileRef = 6A2AB5811C141BCC002F290C /* NormalViewController.swift */; };
/* End PBXBuildFile section */

/* Begin PBXFileReference section */
		6A2AB56C1C14183B002F290C /* TableViewFun.app */ = {isa = PBXFileReference; explicitFileType = wrapper.application; includeInIndex = 0; path = TableViewFun.app; sourceTree = BUILT_PRODUCTS_DIR; };
		6A2AB56F1C14183B002F290C /* AppDelegate.swift */ = {isa = PBXFileReference; lastKnownFileType = sourcecode.swift; path = AppDelegate.swift; sourceTree = "<group>"; };
		6A2AB5711C14183B002F290C /* ViewController.swift */ = {isa = PBXFileReference; lastKnownFileType = sourcecode.swift; path = ViewController.swift; sourceTree = "<group>"; };
		6A2AB5741C14183B002F290C /* Base */ = {isa = PBXFileReference; lastKnownFileType = file.storyboard; name = Base; path = Base.lproj/Main.storyboard; sourceTree = "<group>"; };
		6A2AB5761C14183B002F290C /* Assets.xcassets */ = {isa = PBXFileReference; lastKnownFileType = folder.assetcatalog; path = Assets.xcassets; sourceTree = "<group>"; };
		6A2AB5791C14183B002F290C /* Base */ = {isa = PBXFileReference; lastKnownFileType = file.storyboard; name = Base; path = Base.lproj/LaunchScreen.storyboard; sourceTree = "<group>"; };
		6A2AB57B1C14183B002F290C /* Info.plist */ = {isa = PBXFileReference; lastKnownFileType = text.plist.xml; path = Info.plist; sourceTree = "<group>"; };
		6A2AB5811C141BCC002F290C /* NormalViewController.swift */ = {isa = PBXFileReference; fileEncoding = 4; lastKnownFileType = sourcecode.swift; path = NormalViewController.swift; sourceTree = "<group>"; };
/* End PBXFileReference section */

/* Begin PBXFrameworksBuildPhase section */
		6A2AB5691C14183B002F290C /* Frameworks */ = {
			isa = PBXFrameworksBuildPhase;
			buildActionMask = 2147483647;
			files = (
			);
			runOnlyForDeploymentPostprocessing = 0;
		};
/* End PBXFrameworksBuildPhase section */

/* Begin PBXGroup section */
		6A2AB5631C14183B002F290C = {
			isa = PBXGroup;
			children = (
				6A2AB56E1C14183B002F290C /* TableViewFun */,
				6A2AB56D1C14183B002F290C /* Products */,
			);
			sourceTree = "<group>";
		};
		6A2AB56D1C14183B002F290C /* Products */ = {
			isa = PBXGroup;
			children = (
				6A2AB56C1C14183B002F290C /* TableViewFun.app */,
			);
			name = Products;
			sourceTree = "<group>";
		};
		6A2AB56E1C14183B002F290C /* TableViewFun */ = {
			isa = PBXGroup;
			children = (
				6A2AB56F1C14183B002F290C /* AppDelegate.swift */,
				6A2AB5711C14183B002F290C /* ViewController.swift */,
				6A2AB5731C14183B002F290C /* Main.storyboard */,
				6A2AB5761C14183B002F290C /* Assets.xcassets */,
				6A2AB5781C14183B002F290C /* LaunchScreen.storyboard */,
				6A2AB57B1C14183B002F290C /* Info.plist */,
				6A2AB5811C141BCC002F290C /* NormalViewController.swift */,
			);
			path = TableViewFun;
			sourceTree = "<group>";
		};
/* End PBXGroup section */

/* Begin PBXNativeTarget section */
		6A2AB56B1C14183B002F290C /* TableViewFun */ = {
			isa = PBXNativeTarget;
			buildConfigurationList = 6A2AB57E1C14183B002F290C /* Build configuration list for PBXNativeTarget "TableViewFun" */;
			buildPhases = (
				6A2AB5681C14183B002F290C /* Sources */,
				6A2AB5691C14183B002F290C /* Frameworks */,
				6A2AB56A1C14183B002F290C /* Resources */,
			);
			buildRules = (
			);
			dependencies = (
			);
			name = TableViewFun;
			productName = TableViewFun;
			productReference = 6A2AB56C1C14183B002F290C /* TableViewFun.app */;
			productType = "com.apple.product-type.application";
		};
/* End PBXNativeTarget section */

/* Begin PBXProject section */
		6A2AB5641C14183B002F290C /* Project object */ = {
			isa = PBXProject;
			attributes = {
				LastSwiftUpdateCheck = 0710;
				LastUpgradeCheck = 0710;
				ORGANIZATIONNAME = zhowkevin;
				TargetAttributes = {
					6A2AB56B1C14183B002F290C = {
						CreatedOnToolsVersion = 7.1.1;
					};
				};
			};
			buildConfigurationList = 6A2AB5671C14183B002F290C /* Build configuration list for PBXProject "TableViewFun" */;
			compatibilityVersion = "Xcode 3.2";
			developmentRegion = English;
			hasScannedForEncodings = 0;
			knownRegions = (
				en,
				Base,
			);
			mainGroup = 6A2AB5631C14183B002F290C;
			productRefGroup = 6A2AB56D1C14183B002F290C /* Products */;
			projectDirPath = "";
			projectRoot = "";
			targets = (
				6A2AB56B1C14183B002F290C /* TableViewFun */,
			);
		};
/* End PBXProject section */

/* Begin PBXResourcesBuildPhase section */
		6A2AB56A1C14183B002F290C /* Resources */ = {
			isa = PBXResourcesBuildPhase;
			buildActionMask = 2147483647;
			files = (
				6A2AB57A1C14183B002F290C /* LaunchScreen.storyboard in Resources */,
				6A2AB5771C14183B002F290C /* Assets.xcassets in Resources */,
				6A2AB5751C14183B002F290C /* Main.storyboard in Resources */,
			);
			runOnlyForDeploymentPostprocessing = 0;
		};
/* End PBXResourcesBuildPhase section */

/* Begin PBXSourcesBuildPhase section */
		6A2AB5681C14183B002F290C /* Sources */ = {
			isa = PBXSourcesBuildPhase;
			buildActionMask = 2147483647;
			files = (
				6A2AB5721C14183B002F290C /* ViewController.swift in Sources */,
				6A2AB5821C141BCC002F290C /* NormalViewController.swift in Sources */,
				6A2AB5701C14183B002F290C /* AppDelegate.swift in Sources */,
			);
			runOnlyForDeploymentPostprocessing = 0;
		};
/* End PBXSourcesBuildPhase section */

/* Begin PBXVariantGroup section */
		6A2AB5731C14183B002F290C /* Main.storyboard */ = {
			isa = PBXVariantGroup;
			children = (
				6A2AB5741C14183B002F290C /* Base */,
			);
			name = Main.storyboard;
			sourceTree = "<group>";
		};
		6A2AB5781C14183B002F290C /* LaunchScreen.storyboard */ = {
			isa = PBXVariantGroup;
			children = (
				6A2AB5791C14183B002F290C /* Base */,
			);
			name = LaunchScreen.storyboard;
			sourceTree = "<group>";
		};
/* End PBXVariantGroup section */

/* Begin XCBuildConfiguration section */
		6A2AB57C1C14183B002F290C /* Debug */ = {
			isa = XCBuildConfiguration;
			buildSettings = {
				ALWAYS_SEARCH_USER_PATHS = NO;
				CLANG_CXX_LANGUAGE_STANDARD = "gnu++0x";
				CLANG_CXX_LIBRARY = "libc++";
				CLANG_ENABLE_MODULES = YES;
				CLANG_ENABLE_OBJC_ARC = YES;
				CLANG_WARN_BOOL_CONVERSION = YES;
				CLANG_WARN_CONSTANT_CONVERSION = YES;
				CLANG_WARN_DIRECT_OBJC_ISA_USAGE = YES_ERROR;
				CLANG_WARN_EMPTY_BODY = YES;
				CLANG_WARN_ENUM_CONVERSION = YES;
				CLANG_WARN_INT_CONVERSION = YES;
				CLANG_WARN_OBJC_ROOT_CLASS = YES_ERROR;
				CLANG_WARN_UNREACHABLE_CODE = YES;
				CLANG_WARN__DUPLICATE_METHOD_MATCH = YES;
				"CODE_SIGN_IDENTITY[sdk=iphoneos*]" = "iPhone Developer";
				COPY_PHASE_STRIP = NO;
				DEBUG_INFORMATION_FORMAT = dwarf;
				ENABLE_STRICT_OBJC_MSGSEND = YES;
				ENABLE_TESTABILITY = YES;
				GCC_C_LANGUAGE_STANDARD = gnu99;
				GCC_DYNAMIC_NO_PIC = NO;
				GCC_NO_COMMON_BLOCKS = YES;
				GCC_OPTIMIZATION_LEVEL = 0;
				GCC_PREPROCESSOR_DEFINITIONS = (
					"DEBUG=1",
					"$(inherited)",
				);
				GCC_WARN_64_TO_32_BIT_CONVERSION = YES;
				GCC_WARN_ABOUT_RETURN_TYPE = YES_ERROR;
				GCC_WARN_UNDECLARED_SELECTOR = YES;
				GCC_WARN_UNINITIALIZED_AUTOS = YES_AGGRESSIVE;
				GCC_WARN_UNUSED_FUNCTION = YES;
				GCC_WARN_UNUSED_VARIABLE = YES;
				IPHONEOS_DEPLOYMENT_TARGET = 9.1;
				MTL_ENABLE_DEBUG_INFO = YES;
				ONLY_ACTIVE_ARCH = YES;
				SDKROOT = iphoneos;
				SWIFT_OPTIMIZATION_LEVEL = "-Onone";
			};
			name = Debug;
		};
		6A2AB57D1C14183B002F290C /* Release */ = {
			isa = XCBuildConfiguration;
			buildSettings = {
				ALWAYS_SEARCH_USER_PATHS = NO;
				CLANG_CXX_LANGUAGE_STANDARD = "gnu++0x";
				CLANG_CXX_LIBRARY = "libc++";
				CLANG_ENABLE_MODULES = YES;
				CLANG_ENABLE_OBJC_ARC = YES;
				CLANG_WARN_BOOL_CONVERSION = YES;
				CLANG_WARN_CONSTANT_CONVERSION = YES;
				CLANG_WARN_DIRECT_OBJC_ISA_USAGE = YES_ERROR;
				CLANG_WARN_EMPTY_BODY = YES;
				CLANG_WARN_ENUM_CONVERSION = YES;
				CLANG_WARN_INT_CONVERSION = YES;
				CLANG_WARN_OBJC_ROOT_CLASS = YES_ERROR;
				CLANG_WARN_UNREACHABLE_CODE = YES;
				CLANG_WARN__DUPLICATE_METHOD_MATCH = YES;
				"CODE_SIGN_IDENTITY[sdk=iphoneos*]" = "iPhone Developer";
				COPY_PHASE_STRIP = NO;
				DEBUG_INFORMATION_FORMAT = "dwarf-with-dsym";
				ENABLE_NS_ASSERTIONS = NO;
				ENABLE_STRICT_OBJC_MSGSEND = YES;
				GCC_C_LANGUAGE_STANDARD = gnu99;
				GCC_NO_COMMON_BLOCKS = YES;
				GCC_WARN_64_TO_32_BIT_CONVERSION = YES;
				GCC_WARN_ABOUT_RETURN_TYPE = YES_ERROR;
				GCC_WARN_UNDECLARED_SELECTOR = YES;
				GCC_WARN_UNINITIALIZED_AUTOS = YES_AGGRESSIVE;
				GCC_WARN_UNUSED_FUNCTION = YES;
				GCC_WARN_UNUSED_VARIABLE = YES;
				IPHONEOS_DEPLOYMENT_TARGET = 9.1;
				MTL_ENABLE_DEBUG_INFO = NO;
				SDKROOT = iphoneos;
				VALIDATE_PRODUCT = YES;
			};
			name = Release;
		};
		6A2AB57F1C14183B002F290C /* Debug */ = {
			isa = XCBuildConfiguration;
			buildSettings = {
				ASSETCATALOG_COMPILER_APPICON_NAME = AppIcon;
				INFOPLIST_FILE = TableViewFun/Info.plist;
				LD_RUNPATH_SEARCH_PATHS = "$(inherited) @executable_path/Frameworks";
				PRODUCT_BUNDLE_IDENTIFIER = kevinzhow.TableViewFun;
				PRODUCT_NAME = "$(TARGET_NAME)";
			};
			name = Debug;
		};
		6A2AB5801C14183B002F290C /* Release */ = {
			isa = XCBuildConfiguration;
			buildSettings = {
				ASSETCATALOG_COMPILER_APPICON_NAME = AppIcon;
				INFOPLIST_FILE = TableViewFun/Info.plist;
				LD_RUNPATH_SEARCH_PATHS = "$(inherited) @executable_path/Frameworks";
				PRODUCT_BUNDLE_IDENTIFIER = kevinzhow.TableViewFun;
				PRODUCT_NAME = "$(TARGET_NAME)";
			};
			name = Release;
		};
/* End XCBuildConfiguration section */

/* Begin XCConfigurationList section */
		6A2AB5671C14183B002F290C /* Build configuration list for PBXProject "TableViewFun" */ = {
			isa = XCConfigurationList;
			buildConfigurations = (
				6A2AB57C1C14183B002F290C /* Debug */,
				6A2AB57D1C14183B002F290C /* Release */,
			);
			defaultConfigurationIsVisible = 0;
			defaultConfigurationName = Release;
		};
		6A2AB57E1C14183B002F290C /* Build configuration list for PBXNativeTarget "TableViewFun" */ = {
			isa = XCConfigurationList;
			buildConfigurations = (
				6A2AB57F1C14183B002F290C /* Debug */,
				6A2AB5801C14183B002F290C /* Release */,
			);
			defaultConfigurationIsVisible = 0;
			defaultConfigurationName = Release;
		};
/* End XCConfigurationList section */
	};
	rootObject = 6A2AB5641C14183B002F290C /* Project object */;
}
